
Microsoft Visual Studio Solution File, Format Version 12.00
# Visual Studio 15
VisualStudioVersion = 15.0.28307.136
MinimumVisualStudioVersion = 10.0.40219.1
Project("{FAE04EC0-301F-11D3-BF4B-00C04F79EFBC}") = "Group1_comp123_Assignment3", "Group1_comp123_Assignment3\Group1_comp123_Assignment3.csproj", "{8D99F251-3CE6-44B0-BD69-B77D6C1F5F0D}"
EndProject
Global
	GlobalSection(SolutionConfigurationPlatforms) = preSolution
		Debug|Any CPU = Debug|Any CPU
		Release|Any CPU = Release|Any CPU
	EndGlobalSection
	GlobalSection(ProjectConfigurationPlatforms) = postSolution
		{8D99F251-3CE6-44B0-BD69-B77D6C1F5F0D}.Debug|Any CPU.ActiveCfg = Debug|Any CPU
		{8D99F251-3CE6-44B0-BD69-B77D6C1F5F0D}.Debug|Any CPU.Build.0 = Debug|Any CPU
		{8D99F251-3CE6-44B0-BD69-B77D6C1F5F0D}.Release|Any CPU.ActiveCfg = Release|Any CPU
		{8D99F251-3CE6-44B0-BD69-B77D6C1F5F0D}.Release|Any CPU.Build.0 = Release|Any CPU
	EndGlobalSection
	GlobalSection(SolutionProperties) = preSolution
		HideSolutionNode = FALSE
	EndGlobalSection
	GlobalSection(ExtensibilityGlobals) = postSolution
		SolutionGuid = {EB4F079B-2956-4EBA-A4CE-1EE0669CDBF4}
	EndGlobalSection
EndGlobal
